
Microsoft Visual Studio Solution File, Format Version 12.00
# Visual Studio Version 16
VisualStudioVersion = 16.0.31205.134
MinimumVisualStudioVersion = 10.0.40219.1
Project("{FAE04EC0-301F-11D3-BF4B-00C04F79EFBC}") = "Entities", "Entities\Entities.csproj", "{F2FED0F1-3A17-465E-A879-E83F2F4FBD00}"
EndProject
Project("{FAE04EC0-301F-11D3-BF4B-00C04F79EFBC}") = "Core", "Core\Core.csproj", "{A4D1B2F1-BBA8-458A-B425-C1F5DED5FC65}"
EndProject
Project("{FAE04EC0-301F-11D3-BF4B-00C04F79EFBC}") = "DataAccess", "DataAccess\DataAccess.csproj", "{130770F9-1AAF-406C-8170-7BFEA7A296AF}"
EndProject
Project("{FAE04EC0-301F-11D3-BF4B-00C04F79EFBC}") = "Business", "Business\Business.csproj", "{AFDB0E89-E484-4AA6-909E-2C0B0B56CC98}"
EndProject
Project("{FAE04EC0-301F-11D3-BF4B-00C04F79EFBC}") = "OTSWebUI", "OTSWebUI\OTSWebUI.csproj", "{38DA36B9-3EE6-4548-88FD-9EDD413B97A4}"
EndProject
Global
	GlobalSection(SolutionConfigurationPlatforms) = preSolution
		Debug|Any CPU = Debug|Any CPU
		Release|Any CPU = Release|Any CPU
	EndGlobalSection
	GlobalSection(ProjectConfigurationPlatforms) = postSolution
		{F2FED0F1-3A17-465E-A879-E83F2F4FBD00}.Debug|Any CPU.ActiveCfg = Debug|Any CPU
		{F2FED0F1-3A17-465E-A879-E83F2F4FBD00}.Debug|Any CPU.Build.0 = Debug|Any CPU
		{F2FED0F1-3A17-465E-A879-E83F2F4FBD00}.Release|Any CPU.ActiveCfg = Release|Any CPU
		{F2FED0F1-3A17-465E-A879-E83F2F4FBD00}.Release|Any CPU.Build.0 = Release|Any CPU
		{A4D1B2F1-BBA8-458A-B425-C1F5DED5FC65}.Debug|Any CPU.ActiveCfg = Debug|Any CPU
		{A4D1B2F1-BBA8-458A-B425-C1F5DED5FC65}.Debug|Any CPU.Build.0 = Debug|Any CPU
		{A4D1B2F1-BBA8-458A-B425-C1F5DED5FC65}.Release|Any CPU.ActiveCfg = Release|Any CPU
		{A4D1B2F1-BBA8-458A-B425-C1F5DED5FC65}.Release|Any CPU.Build.0 = Release|Any CPU
		{130770F9-1AAF-406C-8170-7BFEA7A296AF}.Debug|Any CPU.ActiveCfg = Debug|Any CPU
		{130770F9-1AAF-406C-8170-7BFEA7A296AF}.Debug|Any CPU.Build.0 = Debug|Any CPU
		{130770F9-1AAF-406C-8170-7BFEA7A296AF}.Release|Any CPU.ActiveCfg = Release|Any CPU
		{130770F9-1AAF-406C-8170-7BFEA7A296AF}.Release|Any CPU.Build.0 = Release|Any CPU
		{AFDB0E89-E484-4AA6-909E-2C0B0B56CC98}.Debug|Any CPU.ActiveCfg = Debug|Any CPU
		{AFDB0E89-E484-4AA6-909E-2C0B0B56CC98}.Debug|Any CPU.Build.0 = Debug|Any CPU
		{AFDB0E89-E484-4AA6-909E-2C0B0B56CC98}.Release|Any CPU.ActiveCfg = Release|Any CPU
		{AFDB0E89-E484-4AA6-909E-2C0B0B56CC98}.Release|Any CPU.Build.0 = Release|Any CPU
		{38DA36B9-3EE6-4548-88FD-9EDD413B97A4}.Debug|Any CPU.ActiveCfg = Debug|Any CPU
		{38DA36B9-3EE6-4548-88FD-9EDD413B97A4}.Debug|Any CPU.Build.0 = Debug|Any CPU
		{38DA36B9-3EE6-4548-88FD-9EDD413B97A4}.Release|Any CPU.ActiveCfg = Release|Any CPU
		{38DA36B9-3EE6-4548-88FD-9EDD413B97A4}.Release|Any CPU.Build.0 = Release|Any CPU
	EndGlobalSection
	GlobalSection(SolutionProperties) = preSolution
		HideSolutionNode = FALSE
	EndGlobalSection
	GlobalSection(ExtensibilityGlobals) = postSolution
		SolutionGuid = {C77561DF-9F74-473A-AA11-CE400BF83E72}
	EndGlobalSection
EndGlobal
